
Microsoft Visual Studio Solution File, Format Version 12.00
# Visual Studio 15
VisualStudioVersion = 15.0.27130.2027
MinimumVisualStudioVersion = 10.0.40219.1
Project("{FAE04EC0-301F-11D3-BF4B-00C04F79EFBC}") = "FindMyGears", "FindMyGears\FindMyGears.csproj", "{258A0B35-4899-48A4-B224-A99AE63549EA}"
EndProject
Global
	GlobalSection(SolutionConfigurationPlatforms) = preSolution
		Debug|Any CPU = Debug|Any CPU
		Release|Any CPU = Release|Any CPU
	EndGlobalSection
	GlobalSection(ProjectConfigurationPlatforms) = postSolution
		{258A0B35-4899-48A4-B224-A99AE63549EA}.Debug|Any CPU.ActiveCfg = Debug|Any CPU
		{258A0B35-4899-48A4-B224-A99AE63549EA}.Debug|Any CPU.Build.0 = Debug|Any CPU
		{258A0B35-4899-48A4-B224-A99AE63549EA}.Release|Any CPU.ActiveCfg = Release|Any CPU
		{258A0B35-4899-48A4-B224-A99AE63549EA}.Release|Any CPU.Build.0 = Release|Any CPU
	EndGlobalSection
	GlobalSection(SolutionProperties) = preSolution
		HideSolutionNode = FALSE
	EndGlobalSection
	GlobalSection(ExtensibilityGlobals) = postSolution
		SolutionGuid = {65250379-A459-40A0-884A-A37F340DA647}
	EndGlobalSection
EndGlobal
